// !$*UTF8*$!
{
	archiveVersion = 1;
	classes = {
	};
	objectVersion = 55;
	objects = {

/* Begin PBXBuildFile section */
		8EAE481C270C739100720DDD /* ToDoAppApp.swift in Sources */ = {isa = PBXBuildFile; fileRef = 8EAE481B270C739100720DDD /* ToDoAppApp.swift */; };
		8EAE481E270C739100720DDD /* ContentView.swift in Sources */ = {isa = PBXBuildFile; fileRef = 8EAE481D270C739100720DDD /* ContentView.swift */; };
		8EAE4820270C739300720DDD /* Assets.xcassets in Resources */ = {isa = PBXBuildFile; fileRef = 8EAE481F270C739300720DDD /* Assets.xcassets */; };
		8EAE4823270C739300720DDD /* Preview Assets.xcassets in Resources */ = {isa = PBXBuildFile; fileRef = 8EAE4822270C739300720DDD /* Preview Assets.xcassets */; };
		8EAE482A270C73C000720DDD /* Task.swift in Sources */ = {isa = PBXBuildFile; fileRef = 8EAE4829270C73C000720DDD /* Task.swift */; };
		8EAE482C270C769A00720DDD /* TaskViewModel.swift in Sources */ = {isa = PBXBuildFile; fileRef = 8EAE482B270C769A00720DDD /* TaskViewModel.swift */; };
		8EAE4831270C79EF00720DDD /* View + extension.swift in Sources */ = {isa = PBXBuildFile; fileRef = 8EAE4830270C79EF00720DDD /* View + extension.swift */; };
		8EAE4833270C7AFB00720DDD /* TaskListView.swift in Sources */ = {isa = PBXBuildFile; fileRef = 8EAE4832270C7AFB00720DDD /* TaskListView.swift */; };
		8EAE4835270C7CCF00720DDD /* TaskvVew.swift in Sources */ = {isa = PBXBuildFile; fileRef = 8EAE4834270C7CCF00720DDD /* TaskvVew.swift */; };
		8EAE4838270C81BF00720DDD /* Text + extension.swift in Sources */ = {isa = PBXBuildFile; fileRef = 8EAE4837270C81BF00720DDD /* Text + extension.swift */; };
		8EAE483C270C851800720DDD /* TaskSeacrhView.swift in Sources */ = {isa = PBXBuildFile; fileRef = 8EAE483B270C851800720DDD /* TaskSeacrhView.swift */; };
		8EBCD052270DB3B20091DBA9 /* SortPickerView.swift in Sources */ = {isa = PBXBuildFile; fileRef = 8EBCD051270DB3B20091DBA9 /* SortPickerView.swift */; };
/* End PBXBuildFile section */

/* Begin PBXFileReference section */
		8EAE4818270C739100720DDD /* ToDoApp.app */ = {isa = PBXFileReference; explicitFileType = wrapper.application; includeInIndex = 0; path = ToDoApp.app; sourceTree = BUILT_PRODUCTS_DIR; };
		8EAE481B270C739100720DDD /* ToDoAppApp.swift */ = {isa = PBXFileReference; lastKnownFileType = sourcecode.swift; path = ToDoAppApp.swift; sourceTree = "<group>"; };
		8EAE481D270C739100720DDD /* ContentView.swift */ = {isa = PBXFileReference; lastKnownFileType = sourcecode.swift; path = ContentView.swift; sourceTree = "<group>"; };
		8EAE481F270C739300720DDD /* Assets.xcassets */ = {isa = PBXFileReference; lastKnownFileType = folder.assetcatalog; path = Assets.xcassets; sourceTree = "<group>"; };
		8EAE4822270C739300720DDD /* Preview Assets.xcassets */ = {isa = PBXFileReference; lastKnownFileType = folder.assetcatalog; path = "Preview Assets.xcassets"; sourceTree = "<group>"; };
		8EAE4829270C73C000720DDD /* Task.swift */ = {isa = PBXFileReference; lastKnownFileType = sourcecode.swift; path = Task.swift; sourceTree = "<group>"; };
		8EAE482B270C769A00720DDD /* TaskViewModel.swift */ = {isa = PBXFileReference; lastKnownFileType = sourcecode.swift; path = TaskViewModel.swift; sourceTree = "<group>"; };
		8EAE4830270C79EF00720DDD /* View + extension.swift */ = {isa = PBXFileReference; lastKnownFileType = sourcecode.swift; path = "View + extension.swift"; sourceTree = "<group>"; };
		8EAE4832270C7AFB00720DDD /* TaskListView.swift */ = {isa = PBXFileReference; lastKnownFileType = sourcecode.swift; path = TaskListView.swift; sourceTree = "<group>"; };
		8EAE4834270C7CCF00720DDD /* TaskvVew.swift */ = {isa = PBXFileReference; lastKnownFileType = sourcecode.swift; path = TaskvVew.swift; sourceTree = "<group>"; };
		8EAE4837270C81BF00720DDD /* Text + extension.swift */ = {isa = PBXFileReference; lastKnownFileType = sourcecode.swift; path = "Text + extension.swift"; sourceTree = "<group>"; };
		8EAE483B270C851800720DDD /* TaskSeacrhView.swift */ = {isa = PBXFileReference; lastKnownFileType = sourcecode.swift; path = TaskSeacrhView.swift; sourceTree = "<group>"; };
		8EBCD051270DB3B20091DBA9 /* SortPickerView.swift */ = {isa = PBXFileReference; lastKnownFileType = sourcecode.swift; path = SortPickerView.swift; sourceTree = "<group>"; };
/* End PBXFileReference section */

/* Begin PBXFrameworksBuildPhase section */
		8EAE4815270C739100720DDD /* Frameworks */ = {
			isa = PBXFrameworksBuildPhase;
			buildActionMask = 2147483647;
			files = (
			);
			runOnlyForDeploymentPostprocessing = 0;
		};
/* End PBXFrameworksBuildPhase section */

/* Begin PBXGroup section */
		8EAE480F270C739100720DDD = {
			isa = PBXGroup;
			children = (
				8EAE481A270C739100720DDD /* ToDoApp */,
				8EAE4819270C739100720DDD /* Products */,
			);
			sourceTree = "<group>";
		};
		8EAE4819270C739100720DDD /* Products */ = {
			isa = PBXGroup;
			children = (
				8EAE4818270C739100720DDD /* ToDoApp.app */,
			);
			name = Products;
			sourceTree = "<group>";
		};
		8EAE481A270C739100720DDD /* ToDoApp */ = {
			isa = PBXGroup;
			children = (
				8EAE481B270C739100720DDD /* ToDoAppApp.swift */,
				8EAE482F270C79B800720DDD /* Views */,
				8EAE482D270C798700720DDD /* Task */,
				8EAE4836270C819000720DDD /* Extensions */,
				8EAE481F270C739300720DDD /* Assets.xcassets */,
				8EAE4821270C739300720DDD /* Preview Content */,
			);
			path = ToDoApp;
			sourceTree = "<group>";
		};
		8EAE4821270C739300720DDD /* Preview Content */ = {
			isa = PBXGroup;
			children = (
				8EAE4822270C739300720DDD /* Preview Assets.xcassets */,
			);
			path = "Preview Content";
			sourceTree = "<group>";
		};
		8EAE482D270C798700720DDD /* Task */ = {
			isa = PBXGroup;
			children = (
				8EAE4829270C73C000720DDD /* Task.swift */,
				8EAE482B270C769A00720DDD /* TaskViewModel.swift */,
			);
			path = Task;
			sourceTree = "<group>";
		};
		8EAE482F270C79B800720DDD /* Views */ = {
			isa = PBXGroup;
			children = (
				8EAE481D270C739100720DDD /* ContentView.swift */,
				8EAE4832270C7AFB00720DDD /* TaskListView.swift */,
				8EBCD051270DB3B20091DBA9 /* SortPickerView.swift */,
				8EAE4834270C7CCF00720DDD /* TaskvVew.swift */,
				8EAE483B270C851800720DDD /* TaskSeacrhView.swift */,
			);
			path = Views;
			sourceTree = "<group>";
		};
		8EAE4836270C819000720DDD /* Extensions */ = {
			isa = PBXGroup;
			children = (
				8EAE4830270C79EF00720DDD /* View + extension.swift */,
				8EAE4837270C81BF00720DDD /* Text + extension.swift */,
			);
			name = Extensions;
			sourceTree = "<group>";
		};
/* End PBXGroup section */

/* Begin PBXNativeTarget section */
		8EAE4817270C739100720DDD /* ToDoApp */ = {
			isa = PBXNativeTarget;
			buildConfigurationList = 8EAE4826270C739300720DDD /* Build configuration list for PBXNativeTarget "ToDoApp" */;
			buildPhases = (
				8EAE4814270C739100720DDD /* Sources */,
				8EAE4815270C739100720DDD /* Frameworks */,
				8EAE4816270C739100720DDD /* Resources */,
			);
			buildRules = (
			);
			dependencies = (
			);
			name = ToDoApp;
			productName = ToDoApp;
			productReference = 8EAE4818270C739100720DDD /* ToDoApp.app */;
			productType = "com.apple.product-type.application";
		};
/* End PBXNativeTarget section */

/* Begin PBXProject section */
		8EAE4810270C739100720DDD /* Project object */ = {
			isa = PBXProject;
			attributes = {
				BuildIndependentTargetsInParallel = 1;
				LastSwiftUpdateCheck = 1300;
				LastUpgradeCheck = 1300;
				TargetAttributes = {
					8EAE4817270C739100720DDD = {
						CreatedOnToolsVersion = 13.0;
					};
				};
			};
			buildConfigurationList = 8EAE4813270C739100720DDD /* Build configuration list for PBXProject "ToDoApp" */;
			compatibilityVersion = "Xcode 13.0";
			developmentRegion = en;
			hasScannedForEncodings = 0;
			knownRegions = (
				en,
				Base,
			);
			mainGroup = 8EAE480F270C739100720DDD;
			productRefGroup = 8EAE4819270C739100720DDD /* Products */;
			projectDirPath = "";
			projectRoot = "";
			targets = (
				8EAE4817270C739100720DDD /* ToDoApp */,
			);
		};
/* End PBXProject section */

/* Begin PBXResourcesBuildPhase section */
		8EAE4816270C739100720DDD /* Resources */ = {
			isa = PBXResourcesBuildPhase;
			buildActionMask = 2147483647;
			files = (
				8EAE4823270C739300720DDD /* Preview Assets.xcassets in Resources */,
				8EAE4820270C739300720DDD /* Assets.xcassets in Resources */,
			);
			runOnlyForDeploymentPostprocessing = 0;
		};
/* End PBXResourcesBuildPhase section */

/* Begin PBXSourcesBuildPhase section */
		8EAE4814270C739100720DDD /* Sources */ = {
			isa = PBXSourcesBuildPhase;
			buildActionMask = 2147483647;
			files = (
				8EAE481E270C739100720DDD /* ContentView.swift in Sources */,
				8EAE4831270C79EF00720DDD /* View + extension.swift in Sources */,
				8EAE4835270C7CCF00720DDD /* TaskvVew.swift in Sources */,
				8EAE482C270C769A00720DDD /* TaskViewModel.swift in Sources */,
				8EAE482A270C73C000720DDD /* Task.swift in Sources */,
				8EAE483C270C851800720DDD /* TaskSeacrhView.swift in Sources */,
				8EBCD052270DB3B20091DBA9 /* SortPickerView.swift in Sources */,
				8EAE481C270C739100720DDD /* ToDoAppApp.swift in Sources */,
				8EAE4838270C81BF00720DDD /* Text + extension.swift in Sources */,
				8EAE4833270C7AFB00720DDD /* TaskListView.swift in Sources */,
			);
			runOnlyForDeploymentPostprocessing = 0;
		};
/* End PBXSourcesBuildPhase section */

/* Begin XCBuildConfiguration section */
		8EAE4824270C739300720DDD /* Debug */ = {
			isa = XCBuildConfiguration;
			buildSettings = {
				ALWAYS_SEARCH_USER_PATHS = NO;
				CLANG_ANALYZER_NONNULL = YES;
				CLANG_ANALYZER_NUMBER_OBJECT_CONVERSION = YES_AGGRESSIVE;
				CLANG_CXX_LANGUAGE_STANDARD = "gnu++17";
				CLANG_CXX_LIBRARY = "libc++";
				CLANG_ENABLE_MODULES = YES;
				CLANG_ENABLE_OBJC_ARC = YES;
				CLANG_ENABLE_OBJC_WEAK = YES;
				CLANG_WARN_BLOCK_CAPTURE_AUTORELEASING = YES;
				CLANG_WARN_BOOL_CONVERSION = YES;
				CLANG_WARN_COMMA = YES;
				CLANG_WARN_CONSTANT_CONVERSION = YES;
				CLANG_WARN_DEPRECATED_OBJC_IMPLEMENTATIONS = YES;
				CLANG_WARN_DIRECT_OBJC_ISA_USAGE = YES_ERROR;
				CLANG_WARN_DOCUMENTATION_COMMENTS = YES;
				CLANG_WARN_EMPTY_BODY = YES;
				CLANG_WARN_ENUM_CONVERSION = YES;
				CLANG_WARN_INFINITE_RECURSION = YES;
				CLANG_WARN_INT_CONVERSION = YES;
				CLANG_WARN_NON_LITERAL_NULL_CONVERSION = YES;
				CLANG_WARN_OBJC_IMPLICIT_RETAIN_SELF = YES;
				CLANG_WARN_OBJC_LITERAL_CONVERSION = YES;
				CLANG_WARN_OBJC_ROOT_CLASS = YES_ERROR;
				CLANG_WARN_QUOTED_INCLUDE_IN_FRAMEWORK_HEADER = YES;
				CLANG_WARN_RANGE_LOOP_ANALYSIS = YES;
				CLANG_WARN_STRICT_PROTOTYPES = YES;
				CLANG_WARN_SUSPICIOUS_MOVE = YES;
				CLANG_WARN_UNGUARDED_AVAILABILITY = YES_AGGRESSIVE;
				CLANG_WARN_UNREACHABLE_CODE = YES;
				CLANG_WARN__DUPLICATE_METHOD_MATCH = YES;
				COPY_PHASE_STRIP = NO;
				DEBUG_INFORMATION_FORMAT = dwarf;
				ENABLE_STRICT_OBJC_MSGSEND = YES;
				ENABLE_TESTABILITY = YES;
				GCC_C_LANGUAGE_STANDARD = gnu11;
				GCC_DYNAMIC_NO_PIC = NO;
				GCC_NO_COMMON_BLOCKS = YES;
				GCC_OPTIMIZATION_LEVEL = 0;
				GCC_PREPROCESSOR_DEFINITIONS = (
					"DEBUG=1",
					"$(inherited)",
				);
				GCC_WARN_64_TO_32_BIT_CONVERSION = YES;
				GCC_WARN_ABOUT_RETURN_TYPE = YES_ERROR;
				GCC_WARN_UNDECLARED_SELECTOR = YES;
				GCC_WARN_UNINITIALIZED_AUTOS = YES_AGGRESSIVE;
				GCC_WARN_UNUSED_FUNCTION = YES;
				GCC_WARN_UNUSED_VARIABLE = YES;
				IPHONEOS_DEPLOYMENT_TARGET = 15.0;
				MTL_ENABLE_DEBUG_INFO = INCLUDE_SOURCE;
				MTL_FAST_MATH = YES;
				ONLY_ACTIVE_ARCH = YES;
				SDKROOT = iphoneos;
				SWIFT_ACTIVE_COMPILATION_CONDITIONS = DEBUG;
				SWIFT_OPTIMIZATION_LEVEL = "-Onone";
			};
			name = Debug;
		};
		8EAE4825270C739300720DDD /* Release */ = {
			isa = XCBuildConfiguration;
			buildSettings = {
				ALWAYS_SEARCH_USER_PATHS = NO;
				CLANG_ANALYZER_NONNULL = YES;
				CLANG_ANALYZER_NUMBER_OBJECT_CONVERSION = YES_AGGRESSIVE;
				CLANG_CXX_LANGUAGE_STANDARD = "gnu++17";
				CLANG_CXX_LIBRARY = "libc++";
				CLANG_ENABLE_MODULES = YES;
				CLANG_ENABLE_OBJC_ARC = YES;
				CLANG_ENABLE_OBJC_WEAK = YES;
				CLANG_WARN_BLOCK_CAPTURE_AUTORELEASING = YES;
				CLANG_WARN_BOOL_CONVERSION = YES;
				CLANG_WARN_COMMA = YES;
				CLANG_WARN_CONSTANT_CONVERSION = YES;
				CLANG_WARN_DEPRECATED_OBJC_IMPLEMENTATIONS = YES;
				CLANG_WARN_DIRECT_OBJC_ISA_USAGE = YES_ERROR;
				CLANG_WARN_DOCUMENTATION_COMMENTS = YES;
				CLANG_WARN_EMPTY_BODY = YES;
				CLANG_WARN_ENUM_CONVERSION = YES;
				CLANG_WARN_INFINITE_RECURSION = YES;
				CLANG_WARN_INT_CONVERSION = YES;
				CLANG_WARN_NON_LITERAL_NULL_CONVERSION = YES;
				CLANG_WARN_OBJC_IMPLICIT_RETAIN_SELF = YES;
				CLANG_WARN_OBJC_LITERAL_CONVERSION = YES;
				CLANG_WARN_OBJC_ROOT_CLASS = YES_ERROR;
				CLANG_WARN_QUOTED_INCLUDE_IN_FRAMEWORK_HEADER = YES;
				CLANG_WARN_RANGE_LOOP_ANALYSIS = YES;
				CLANG_WARN_STRICT_PROTOTYPES = YES;
				CLANG_WARN_SUSPICIOUS_MOVE = YES;
				CLANG_WARN_UNGUARDED_AVAILABILITY = YES_AGGRESSIVE;
				CLANG_WARN_UNREACHABLE_CODE = YES;
				CLANG_WARN__DUPLICATE_METHOD_MATCH = YES;
				COPY_PHASE_STRIP = NO;
				DEBUG_INFORMATION_FORMAT = "dwarf-with-dsym";
				ENABLE_NS_ASSERTIONS = NO;
				ENABLE_STRICT_OBJC_MSGSEND = YES;
				GCC_C_LANGUAGE_STANDARD = gnu11;
				GCC_NO_COMMON_BLOCKS = YES;
				GCC_WARN_64_TO_32_BIT_CONVERSION = YES;
				GCC_WARN_ABOUT_RETURN_TYPE = YES_ERROR;
				GCC_WARN_UNDECLARED_SELECTOR = YES;
				GCC_WARN_UNINITIALIZED_AUTOS = YES_AGGRESSIVE;
				GCC_WARN_UNUSED_FUNCTION = YES;
				GCC_WARN_UNUSED_VARIABLE = YES;
				IPHONEOS_DEPLOYMENT_TARGET = 15.0;
				MTL_ENABLE_DEBUG_INFO = NO;
				MTL_FAST_MATH = YES;
				SDKROOT = iphoneos;
				SWIFT_COMPILATION_MODE = wholemodule;
				SWIFT_OPTIMIZATION_LEVEL = "-O";
				VALIDATE_PRODUCT = YES;
			};
			name = Release;
		};
		8EAE4827270C739300720DDD /* Debug */ = {
			isa = XCBuildConfiguration;
			buildSettings = {
				ASSETCATALOG_COMPILER_APPICON_NAME = AppIcon;
				ASSETCATALOG_COMPILER_GLOBAL_ACCENT_COLOR_NAME = AccentColor;
				CODE_SIGN_STYLE = Automatic;
				CURRENT_PROJECT_VERSION = 1;
				DEVELOPMENT_ASSET_PATHS = "\"ToDoApp/Preview Content\"";
				DEVELOPMENT_TEAM = 5TSD29ST99;
				ENABLE_PREVIEWS = YES;
				GENERATE_INFOPLIST_FILE = YES;
				INFOPLIST_KEY_UIApplicationSceneManifest_Generation = YES;
				INFOPLIST_KEY_UIApplicationSupportsIndirectInputEvents = YES;
				INFOPLIST_KEY_UILaunchScreen_Generation = YES;
				INFOPLIST_KEY_UISupportedInterfaceOrientations_iPad = "UIInterfaceOrientationPortrait UIInterfaceOrientationPortraitUpsideDown UIInterfaceOrientationLandscapeLeft UIInterfaceOrientationLandscapeRight";
				INFOPLIST_KEY_UISupportedInterfaceOrientations_iPhone = "UIInterfaceOrientationPortrait UIInterfaceOrientationLandscapeLeft UIInterfaceOrientationLandscapeRight";
				IPHONEOS_DEPLOYMENT_TARGET = 14.0;
				LD_RUNPATH_SEARCH_PATHS = (
					"$(inherited)",
					"@executable_path/Frameworks",
				);
				MARKETING_VERSION = 1.0;
				PRODUCT_BUNDLE_IDENTIFIER = com.sargyosipova.ToDoApp;
				PRODUCT_NAME = "$(TARGET_NAME)";
				SWIFT_EMIT_LOC_STRINGS = YES;
				SWIFT_VERSION = 5.0;
				TARGETED_DEVICE_FAMILY = "1,2";
			};
			name = Debug;
		};
		8EAE4828270C739300720DDD /* Release */ = {
			isa = XCBuildConfiguration;
			buildSettings = {
				ASSETCATALOG_COMPILER_APPICON_NAME = AppIcon;
				ASSETCATALOG_COMPILER_GLOBAL_ACCENT_COLOR_NAME = AccentColor;
				CODE_SIGN_STYLE = Automatic;
				CURRENT_PROJECT_VERSION = 1;
				DEVELOPMENT_ASSET_PATHS = "\"ToDoApp/Preview Content\"";
				DEVELOPMENT_TEAM = 5TSD29ST99;
				ENABLE_PREVIEWS = YES;
				GENERATE_INFOPLIST_FILE = YES;
				INFOPLIST_KEY_UIApplicationSceneManifest_Generation = YES;
				INFOPLIST_KEY_UIApplicationSupportsIndirectInputEvents = YES;
				INFOPLIST_KEY_UILaunchScreen_Generation = YES;
				INFOPLIST_KEY_UISupportedInterfaceOrientations_iPad = "UIInterfaceOrientationPortrait UIInterfaceOrientationPortraitUpsideDown UIInterfaceOrientationLandscapeLeft UIInterfaceOrientationLandscapeRight";
				INFOPLIST_KEY_UISupportedInterfaceOrientations_iPhone = "UIInterfaceOrientationPortrait UIInterfaceOrientationLandscapeLeft UIInterfaceOrientationLandscapeRight";
				IPHONEOS_DEPLOYMENT_TARGET = 14.0;
				LD_RUNPATH_SEARCH_PATHS = (
					"$(inherited)",
					"@executable_path/Frameworks",
				);
				MARKETING_VERSION = 1.0;
				PRODUCT_BUNDLE_IDENTIFIER = com.sargyosipova.ToDoApp;
				PRODUCT_NAME = "$(TARGET_NAME)";
				SWIFT_EMIT_LOC_STRINGS = YES;
				SWIFT_VERSION = 5.0;
				TARGETED_DEVICE_FAMILY = "1,2";
			};
			name = Release;
		};
/* End XCBuildConfiguration section */

/* Begin XCConfigurationList section */
		8EAE4813270C739100720DDD /* Build configuration list for PBXProject "ToDoApp" */ = {
			isa = XCConfigurationList;
			buildConfigurations = (
				8EAE4824270C739300720DDD /* Debug */,
				8EAE4825270C739300720DDD /* Release */,
			);
			defaultConfigurationIsVisible = 0;
			defaultConfigurationName = Release;
		};
		8EAE4826270C739300720DDD /* Build configuration list for PBXNativeTarget "ToDoApp" */ = {
			isa = XCConfigurationList;
			buildConfigurations = (
				8EAE4827270C739300720DDD /* Debug */,
				8EAE4828270C739300720DDD /* Release */,
			);
			defaultConfigurationIsVisible = 0;
			defaultConfigurationName = Release;
		};
/* End XCConfigurationList section */
	};
	rootObject = 8EAE4810270C739100720DDD /* Project object */;
}
